
Microsoft Visual Studio Solution File, Format Version 9.00
# Visual C++ Express 2005
Project("{8BC9CEB8-8B4A-11D0-8D11-00A0C91BC942}") = "Compo_Caracoles", "Compo_Caracoles\Compo_Caracoles.vcproj", "{86BB1A9E-529D-4A62-B819-BB9609701F24}"
EndProject
Global
	GlobalSection(SolutionConfigurationPlatforms) = preSolution
		Debug|Win32 = Debug|Win32
		Release|Win32 = Release|Win32
		Static Release, Static Runtime|Win32 = Static Release, Static Runtime|Win32
	EndGlobalSection
	GlobalSection(ProjectConfigurationPlatforms) = postSolution
		{86BB1A9E-529D-4A62-B819-BB9609701F24}.Debug|Win32.ActiveCfg = Debug|Win32
		{86BB1A9E-529D-4A62-B819-BB9609701F24}.Debug|Win32.Build.0 = Debug|Win32
		{86BB1A9E-529D-4A62-B819-BB9609701F24}.Release|Win32.ActiveCfg = Release|Win32
		{86BB1A9E-529D-4A62-B819-BB9609701F24}.Release|Win32.Build.0 = Release|Win32
		{86BB1A9E-529D-4A62-B819-BB9609701F24}.Static Release, Static Runtime|Win32.ActiveCfg = Static Release, Static Runtime|Win32
		{86BB1A9E-529D-4A62-B819-BB9609701F24}.Static Release, Static Runtime|Win32.Build.0 = Static Release, Static Runtime|Win32
	EndGlobalSection
	GlobalSection(SolutionProperties) = preSolution
		HideSolutionNode = FALSE
	EndGlobalSection
EndGlobal
